// !$*UTF8*$!
{
	archiveVersion = 1;
	classes = {
	};
	objectVersion = 56;
	objects = {

/* Begin PBXBuildFile section */
		0C92BD26291D3DA700F846FC /* AppDelegate.swift in Sources */ = {isa = PBXBuildFile; fileRef = 0C92BD25291D3DA700F846FC /* AppDelegate.swift */; };
		0C92BD2A291D3DA700F846FC /* Main.html in Resources */ = {isa = PBXBuildFile; fileRef = 0C92BD28291D3DA700F846FC /* Main.html */; };
		0C92BD2C291D3DA700F846FC /* Icon.png in Resources */ = {isa = PBXBuildFile; fileRef = 0C92BD2B291D3DA700F846FC /* Icon.png */; };
		0C92BD2E291D3DA700F846FC /* Style.css in Resources */ = {isa = PBXBuildFile; fileRef = 0C92BD2D291D3DA700F846FC /* Style.css */; };
		0C92BD30291D3DA700F846FC /* Script.js in Resources */ = {isa = PBXBuildFile; fileRef = 0C92BD2F291D3DA700F846FC /* Script.js */; };
		0C92BD32291D3DA700F846FC /* ViewController.swift in Sources */ = {isa = PBXBuildFile; fileRef = 0C92BD31291D3DA700F846FC /* ViewController.swift */; };
		0C92BD35291D3DA700F846FC /* Main.storyboard in Resources */ = {isa = PBXBuildFile; fileRef = 0C92BD33291D3DA700F846FC /* Main.storyboard */; };
		0C92BD37291D3DA900F846FC /* Assets.xcassets in Resources */ = {isa = PBXBuildFile; fileRef = 0C92BD36291D3DA900F846FC /* Assets.xcassets */; };
		0C92BD3F291D3DA900F846FC /* autoScroll Extension.appex in Embed Foundation Extensions */ = {isa = PBXBuildFile; fileRef = 0C92BD3E291D3DA900F846FC /* autoScroll Extension.appex */; settings = {ATTRIBUTES = (RemoveHeadersOnCopy, ); }; };
		0C92BD44291D3DA900F846FC /* SafariWebExtensionHandler.swift in Sources */ = {isa = PBXBuildFile; fileRef = 0C92BD43291D3DA900F846FC /* SafariWebExtensionHandler.swift */; };
		0C92BD6C291D40AA00F846FC /* LICENSE in Resources */ = {isa = PBXBuildFile; fileRef = 0C92BD61291D40A800F846FC /* LICENSE */; };
		0C92BD6D291D40AA00F846FC /* background.js in Resources */ = {isa = PBXBuildFile; fileRef = 0C92BD62291D40A900F846FC /* background.js */; };
		0C92BD6E291D40AA00F846FC /* images in Resources */ = {isa = PBXBuildFile; fileRef = 0C92BD63291D40A900F846FC /* images */; };
		0C92BD6F291D40AA00F846FC /* popup.js in Resources */ = {isa = PBXBuildFile; fileRef = 0C92BD64291D40A900F846FC /* popup.js */; };
		0C92BD70291D40AA00F846FC /* _locales in Resources */ = {isa = PBXBuildFile; fileRef = 0C92BD65291D40A900F846FC /* _locales */; };
		0C92BD71291D40AA00F846FC /* popup.css in Resources */ = {isa = PBXBuildFile; fileRef = 0C92BD66291D40A900F846FC /* popup.css */; };
		0C92BD72291D40AA00F846FC /* popup.html in Resources */ = {isa = PBXBuildFile; fileRef = 0C92BD67291D40A900F846FC /* popup.html */; };
		0C92BD73291D40AA00F846FC /* img.svg in Resources */ = {isa = PBXBuildFile; fileRef = 0C92BD68291D40AA00F846FC /* img.svg */; };
		0C92BD74291D40AA00F846FC /* jQuery.js in Resources */ = {isa = PBXBuildFile; fileRef = 0C92BD69291D40AA00F846FC /* jQuery.js */; };
		0C92BD75291D40AA00F846FC /* manifest.json in Resources */ = {isa = PBXBuildFile; fileRef = 0C92BD6A291D40AA00F846FC /* manifest.json */; };
		0C92BD76291D40AA00F846FC /* content.js in Resources */ = {isa = PBXBuildFile; fileRef = 0C92BD6B291D40AA00F846FC /* content.js */; };
/* End PBXBuildFile section */

/* Begin PBXContainerItemProxy section */
		0C92BD40291D3DA900F846FC /* PBXContainerItemProxy */ = {
			isa = PBXContainerItemProxy;
			containerPortal = 0C92BD1A291D3DA700F846FC /* Project object */;
			proxyType = 1;
			remoteGlobalIDString = 0C92BD3D291D3DA900F846FC;
			remoteInfo = "autoScroll Extension";
		};
/* End PBXContainerItemProxy section */

/* Begin PBXCopyFilesBuildPhase section */
		0C92BD5D291D3DA900F846FC /* Embed Foundation Extensions */ = {
			isa = PBXCopyFilesBuildPhase;
			buildActionMask = 2147483647;
			dstPath = "";
			dstSubfolderSpec = 13;
			files = (
				0C92BD3F291D3DA900F846FC /* autoScroll Extension.appex in Embed Foundation Extensions */,
			);
			name = "Embed Foundation Extensions";
			runOnlyForDeploymentPostprocessing = 0;
		};
/* End PBXCopyFilesBuildPhase section */

/* Begin PBXFileReference section */
		0C92BD22291D3DA700F846FC /* AutoScroll.app */ = {isa = PBXFileReference; explicitFileType = wrapper.application; includeInIndex = 0; path = AutoScroll.app; sourceTree = BUILT_PRODUCTS_DIR; };
		0C92BD25291D3DA700F846FC /* AppDelegate.swift */ = {isa = PBXFileReference; lastKnownFileType = sourcecode.swift; path = AppDelegate.swift; sourceTree = "<group>"; };
		0C92BD29291D3DA700F846FC /* Base */ = {isa = PBXFileReference; lastKnownFileType = text.html; name = Base; path = ../Base.lproj/Main.html; sourceTree = "<group>"; };
		0C92BD2B291D3DA700F846FC /* Icon.png */ = {isa = PBXFileReference; lastKnownFileType = image.png; path = Icon.png; sourceTree = "<group>"; };
		0C92BD2D291D3DA700F846FC /* Style.css */ = {isa = PBXFileReference; lastKnownFileType = text.css; path = Style.css; sourceTree = "<group>"; };
		0C92BD2F291D3DA700F846FC /* Script.js */ = {isa = PBXFileReference; lastKnownFileType = sourcecode.javascript; path = Script.js; sourceTree = "<group>"; };
		0C92BD31291D3DA700F846FC /* ViewController.swift */ = {isa = PBXFileReference; lastKnownFileType = sourcecode.swift; path = ViewController.swift; sourceTree = "<group>"; };
		0C92BD34291D3DA700F846FC /* Base */ = {isa = PBXFileReference; lastKnownFileType = file.storyboard; name = Base; path = Base.lproj/Main.storyboard; sourceTree = "<group>"; };
		0C92BD36291D3DA900F846FC /* Assets.xcassets */ = {isa = PBXFileReference; lastKnownFileType = folder.assetcatalog; path = Assets.xcassets; sourceTree = "<group>"; };
		0C92BD38291D3DA900F846FC /* autoScroll.entitlements */ = {isa = PBXFileReference; lastKnownFileType = text.plist.entitlements; path = autoScroll.entitlements; sourceTree = "<group>"; };
		0C92BD39291D3DA900F846FC /* autoScroll.entitlements */ = {isa = PBXFileReference; lastKnownFileType = text.plist.entitlements; path = autoScroll.entitlements; sourceTree = "<group>"; };
		0C92BD3E291D3DA900F846FC /* autoScroll Extension.appex */ = {isa = PBXFileReference; explicitFileType = "wrapper.app-extension"; includeInIndex = 0; path = "autoScroll Extension.appex"; sourceTree = BUILT_PRODUCTS_DIR; };
		0C92BD43291D3DA900F846FC /* SafariWebExtensionHandler.swift */ = {isa = PBXFileReference; lastKnownFileType = sourcecode.swift; path = SafariWebExtensionHandler.swift; sourceTree = "<group>"; };
		0C92BD56291D3DA900F846FC /* Info.plist */ = {isa = PBXFileReference; lastKnownFileType = text.plist.xml; path = Info.plist; sourceTree = "<group>"; };
		0C92BD57291D3DA900F846FC /* autoScroll_Extension.entitlements */ = {isa = PBXFileReference; lastKnownFileType = text.plist.entitlements; path = autoScroll_Extension.entitlements; sourceTree = "<group>"; };
		0C92BD61291D40A800F846FC /* LICENSE */ = {isa = PBXFileReference; fileEncoding = 4; lastKnownFileType = text; name = LICENSE; path = "autoScroll Extension/Resourses/LICENSE"; sourceTree = SOURCE_ROOT; };
		0C92BD62291D40A900F846FC /* background.js */ = {isa = PBXFileReference; fileEncoding = 4; lastKnownFileType = sourcecode.javascript; name = background.js; path = "autoScroll Extension/Resourses/background.js"; sourceTree = SOURCE_ROOT; };
		0C92BD63291D40A900F846FC /* images */ = {isa = PBXFileReference; fileEncoding = 4; lastKnownFileType = text; name = images; path = "autoScroll Extension/Resourses/images"; sourceTree = SOURCE_ROOT; };
		0C92BD64291D40A900F846FC /* popup.js */ = {isa = PBXFileReference; fileEncoding = 4; lastKnownFileType = sourcecode.javascript; name = popup.js; path = "autoScroll Extension/Resourses/popup.js"; sourceTree = SOURCE_ROOT; };
		0C92BD65291D40A900F846FC /* _locales */ = {isa = PBXFileReference; fileEncoding = 4; lastKnownFileType = text; name = _locales; path = "autoScroll Extension/Resourses/_locales"; sourceTree = SOURCE_ROOT; };
		0C92BD66291D40A900F846FC /* popup.css */ = {isa = PBXFileReference; fileEncoding = 4; lastKnownFileType = text.css; name = popup.css; path = "autoScroll Extension/Resourses/popup.css"; sourceTree = SOURCE_ROOT; };
		0C92BD67291D40A900F846FC /* popup.html */ = {isa = PBXFileReference; fileEncoding = 4; lastKnownFileType = text.html; name = popup.html; path = "autoScroll Extension/Resourses/popup.html"; sourceTree = SOURCE_ROOT; };
		0C92BD68291D40AA00F846FC /* img.svg */ = {isa = PBXFileReference; lastKnownFileType = text; name = img.svg; path = "autoScroll Extension/Resourses/img.svg"; sourceTree = SOURCE_ROOT; };
		0C92BD69291D40AA00F846FC /* jQuery.js */ = {isa = PBXFileReference; fileEncoding = 4; lastKnownFileType = sourcecode.javascript; name = jQuery.js; path = "autoScroll Extension/Resourses/jQuery.js"; sourceTree = SOURCE_ROOT; };
		0C92BD6A291D40AA00F846FC /* manifest.json */ = {isa = PBXFileReference; fileEncoding = 4; lastKnownFileType = text.json; name = manifest.json; path = "autoScroll Extension/Resourses/manifest.json"; sourceTree = SOURCE_ROOT; };
		0C92BD6B291D40AA00F846FC /* content.js */ = {isa = PBXFileReference; fileEncoding = 4; lastKnownFileType = sourcecode.javascript; name = content.js; path = "autoScroll Extension/Resourses/content.js"; sourceTree = SOURCE_ROOT; };
/* End PBXFileReference section */

/* Begin PBXFrameworksBuildPhase section */
		0C92BD1F291D3DA700F846FC /* Frameworks */ = {
			isa = PBXFrameworksBuildPhase;
			buildActionMask = 2147483647;
			files = (
			);
			runOnlyForDeploymentPostprocessing = 0;
		};
		0C92BD3B291D3DA900F846FC /* Frameworks */ = {
			isa = PBXFrameworksBuildPhase;
			buildActionMask = 2147483647;
			files = (
			);
			runOnlyForDeploymentPostprocessing = 0;
		};
/* End PBXFrameworksBuildPhase section */

/* Begin PBXGroup section */
		0C92BD19291D3DA700F846FC = {
			isa = PBXGroup;
			children = (
				0C92BD24291D3DA700F846FC /* autoScroll */,
				0C92BD42291D3DA900F846FC /* autoScroll Extension */,
				0C92BD23291D3DA700F846FC /* Products */,
			);
			sourceTree = "<group>";
		};
		0C92BD23291D3DA700F846FC /* Products */ = {
			isa = PBXGroup;
			children = (
				0C92BD22291D3DA700F846FC /* AutoScroll.app */,
				0C92BD3E291D3DA900F846FC /* autoScroll Extension.appex */,
			);
			name = Products;
			sourceTree = "<group>";
		};
		0C92BD24291D3DA700F846FC /* autoScroll */ = {
			isa = PBXGroup;
			children = (
				0C92BD25291D3DA700F846FC /* AppDelegate.swift */,
				0C92BD31291D3DA700F846FC /* ViewController.swift */,
				0C92BD33291D3DA700F846FC /* Main.storyboard */,
				0C92BD36291D3DA900F846FC /* Assets.xcassets */,
				0C92BD38291D3DA900F846FC /* autoScroll.entitlements */,
				0C92BD39291D3DA900F846FC /* autoScroll.entitlements */,
				0C92BD27291D3DA700F846FC /* Resources */,
			);
			path = autoScroll;
			sourceTree = "<group>";
		};
		0C92BD27291D3DA700F846FC /* Resources */ = {
			isa = PBXGroup;
			children = (
				0C92BD28291D3DA700F846FC /* Main.html */,
				0C92BD2B291D3DA700F846FC /* Icon.png */,
				0C92BD2D291D3DA700F846FC /* Style.css */,
				0C92BD2F291D3DA700F846FC /* Script.js */,
			);
			path = Resources;
			sourceTree = "<group>";
		};
		0C92BD42291D3DA900F846FC /* autoScroll Extension */ = {
			isa = PBXGroup;
			children = (
				0C92BD43291D3DA900F846FC /* SafariWebExtensionHandler.swift */,
				0C92BD56291D3DA900F846FC /* Info.plist */,
				0C92BD57291D3DA900F846FC /* autoScroll_Extension.entitlements */,
				0C92BD45291D3DA900F846FC /* Resources */,
			);
			path = "autoScroll Extension";
			sourceTree = "<group>";
		};
		0C92BD45291D3DA900F846FC /* Resources */ = {
			isa = PBXGroup;
			children = (
				0C92BD65291D40A900F846FC /* _locales */,
				0C92BD62291D40A900F846FC /* background.js */,
				0C92BD6B291D40AA00F846FC /* content.js */,
				0C92BD63291D40A900F846FC /* images */,
				0C92BD68291D40AA00F846FC /* img.svg */,
				0C92BD69291D40AA00F846FC /* jQuery.js */,
				0C92BD61291D40A800F846FC /* LICENSE */,
				0C92BD6A291D40AA00F846FC /* manifest.json */,
				0C92BD66291D40A900F846FC /* popup.css */,
				0C92BD67291D40A900F846FC /* popup.html */,
				0C92BD64291D40A900F846FC /* popup.js */,
			);
			path = Resources;
			sourceTree = "<group>";
		};
/* End PBXGroup section */

/* Begin PBXNativeTarget section */
		0C92BD21291D3DA700F846FC /* autoScroll */ = {
			isa = PBXNativeTarget;
			buildConfigurationList = 0C92BD5E291D3DA900F846FC /* Build configuration list for PBXNativeTarget "autoScroll" */;
			buildPhases = (
				0C92BD1E291D3DA700F846FC /* Sources */,
				0C92BD1F291D3DA700F846FC /* Frameworks */,
				0C92BD20291D3DA700F846FC /* Resources */,
				0C92BD5D291D3DA900F846FC /* Embed Foundation Extensions */,
			);
			buildRules = (
			);
			dependencies = (
				0C92BD41291D3DA900F846FC /* PBXTargetDependency */,
			);
			name = autoScroll;
			productName = autoScroll;
			productReference = 0C92BD22291D3DA700F846FC /* AutoScroll.app */;
			productType = "com.apple.product-type.application";
		};
		0C92BD3D291D3DA900F846FC /* autoScroll Extension */ = {
			isa = PBXNativeTarget;
			buildConfigurationList = 0C92BD5A291D3DA900F846FC /* Build configuration list for PBXNativeTarget "autoScroll Extension" */;
			buildPhases = (
				0C92BD3A291D3DA900F846FC /* Sources */,
				0C92BD3B291D3DA900F846FC /* Frameworks */,
				0C92BD3C291D3DA900F846FC /* Resources */,
			);
			buildRules = (
			);
			dependencies = (
			);
			name = "autoScroll Extension";
			productName = "autoScroll Extension";
			productReference = 0C92BD3E291D3DA900F846FC /* autoScroll Extension.appex */;
			productType = "com.apple.product-type.app-extension";
		};
/* End PBXNativeTarget section */

/* Begin PBXProject section */
		0C92BD1A291D3DA700F846FC /* Project object */ = {
			isa = PBXProject;
			attributes = {
				BuildIndependentTargetsInParallel = 1;
				LastSwiftUpdateCheck = 1400;
				LastUpgradeCheck = 1400;
				TargetAttributes = {
					0C92BD21291D3DA700F846FC = {
						CreatedOnToolsVersion = 14.0;
					};
					0C92BD3D291D3DA900F846FC = {
						CreatedOnToolsVersion = 14.0;
					};
				};
			};
			buildConfigurationList = 0C92BD1D291D3DA700F846FC /* Build configuration list for PBXProject "autoScroll" */;
			compatibilityVersion = "Xcode 14.0";
			developmentRegion = en;
			hasScannedForEncodings = 0;
			knownRegions = (
				en,
				Base,
			);
			mainGroup = 0C92BD19291D3DA700F846FC;
			productRefGroup = 0C92BD23291D3DA700F846FC /* Products */;
			projectDirPath = "";
			projectRoot = "";
			targets = (
				0C92BD21291D3DA700F846FC /* autoScroll */,
				0C92BD3D291D3DA900F846FC /* autoScroll Extension */,
			);
		};
/* End PBXProject section */

/* Begin PBXResourcesBuildPhase section */
		0C92BD20291D3DA700F846FC /* Resources */ = {
			isa = PBXResourcesBuildPhase;
			buildActionMask = 2147483647;
			files = (
				0C92BD2C291D3DA700F846FC /* Icon.png in Resources */,
				0C92BD35291D3DA700F846FC /* Main.storyboard in Resources */,
				0C92BD30291D3DA700F846FC /* Script.js in Resources */,
				0C92BD2A291D3DA700F846FC /* Main.html in Resources */,
				0C92BD37291D3DA900F846FC /* Assets.xcassets in Resources */,
				0C92BD2E291D3DA700F846FC /* Style.css in Resources */,
			);
			runOnlyForDeploymentPostprocessing = 0;
		};
		0C92BD3C291D3DA900F846FC /* Resources */ = {
			isa = PBXResourcesBuildPhase;
			buildActionMask = 2147483647;
			files = (
				0C92BD72291D40AA00F846FC /* popup.html in Resources */,
				0C92BD76291D40AA00F846FC /* content.js in Resources */,
				0C92BD6E291D40AA00F846FC /* images in Resources */,
				0C92BD75291D40AA00F846FC /* manifest.json in Resources */,
				0C92BD73291D40AA00F846FC /* img.svg in Resources */,
				0C92BD6D291D40AA00F846FC /* background.js in Resources */,
				0C92BD74291D40AA00F846FC /* jQuery.js in Resources */,
				0C92BD71291D40AA00F846FC /* popup.css in Resources */,
				0C92BD6C291D40AA00F846FC /* LICENSE in Resources */,
				0C92BD70291D40AA00F846FC /* _locales in Resources */,
				0C92BD6F291D40AA00F846FC /* popup.js in Resources */,
			);
			runOnlyForDeploymentPostprocessing = 0;
		};
/* End PBXResourcesBuildPhase section */

/* Begin PBXSourcesBuildPhase section */
		0C92BD1E291D3DA700F846FC /* Sources */ = {
			isa = PBXSourcesBuildPhase;
			buildActionMask = 2147483647;
			files = (
				0C92BD32291D3DA700F846FC /* ViewController.swift in Sources */,
				0C92BD26291D3DA700F846FC /* AppDelegate.swift in Sources */,
			);
			runOnlyForDeploymentPostprocessing = 0;
		};
		0C92BD3A291D3DA900F846FC /* Sources */ = {
			isa = PBXSourcesBuildPhase;
			buildActionMask = 2147483647;
			files = (
				0C92BD44291D3DA900F846FC /* SafariWebExtensionHandler.swift in Sources */,
			);
			runOnlyForDeploymentPostprocessing = 0;
		};
/* End PBXSourcesBuildPhase section */

/* Begin PBXTargetDependency section */
		0C92BD41291D3DA900F846FC /* PBXTargetDependency */ = {
			isa = PBXTargetDependency;
			target = 0C92BD3D291D3DA900F846FC /* autoScroll Extension */;
			targetProxy = 0C92BD40291D3DA900F846FC /* PBXContainerItemProxy */;
		};
/* End PBXTargetDependency section */

/* Begin PBXVariantGroup section */
		0C92BD28291D3DA700F846FC /* Main.html */ = {
			isa = PBXVariantGroup;
			children = (
				0C92BD29291D3DA700F846FC /* Base */,
			);
			name = Main.html;
			sourceTree = "<group>";
		};
		0C92BD33291D3DA700F846FC /* Main.storyboard */ = {
			isa = PBXVariantGroup;
			children = (
				0C92BD34291D3DA700F846FC /* Base */,
			);
			name = Main.storyboard;
			sourceTree = "<group>";
		};
/* End PBXVariantGroup section */

/* Begin XCBuildConfiguration section */
		0C92BD58291D3DA900F846FC /* Debug */ = {
			isa = XCBuildConfiguration;
			buildSettings = {
				ALWAYS_SEARCH_USER_PATHS = NO;
				CLANG_ANALYZER_NONNULL = YES;
				CLANG_ANALYZER_NUMBER_OBJECT_CONVERSION = YES_AGGRESSIVE;
				CLANG_CXX_LANGUAGE_STANDARD = "gnu++20";
				CLANG_ENABLE_MODULES = YES;
				CLANG_ENABLE_OBJC_ARC = YES;
				CLANG_ENABLE_OBJC_WEAK = YES;
				CLANG_WARN_BLOCK_CAPTURE_AUTORELEASING = YES;
				CLANG_WARN_BOOL_CONVERSION = YES;
				CLANG_WARN_COMMA = YES;
				CLANG_WARN_CONSTANT_CONVERSION = YES;
				CLANG_WARN_DEPRECATED_OBJC_IMPLEMENTATIONS = YES;
				CLANG_WARN_DIRECT_OBJC_ISA_USAGE = YES_ERROR;
				CLANG_WARN_DOCUMENTATION_COMMENTS = YES;
				CLANG_WARN_EMPTY_BODY = YES;
				CLANG_WARN_ENUM_CONVERSION = YES;
				CLANG_WARN_INFINITE_RECURSION = YES;
				CLANG_WARN_INT_CONVERSION = YES;
				CLANG_WARN_NON_LITERAL_NULL_CONVERSION = YES;
				CLANG_WARN_OBJC_IMPLICIT_RETAIN_SELF = YES;
				CLANG_WARN_OBJC_LITERAL_CONVERSION = YES;
				CLANG_WARN_OBJC_ROOT_CLASS = YES_ERROR;
				CLANG_WARN_QUOTED_INCLUDE_IN_FRAMEWORK_HEADER = YES;
				CLANG_WARN_RANGE_LOOP_ANALYSIS = YES;
				CLANG_WARN_STRICT_PROTOTYPES = YES;
				CLANG_WARN_SUSPICIOUS_MOVE = YES;
				CLANG_WARN_UNGUARDED_AVAILABILITY = YES_AGGRESSIVE;
				CLANG_WARN_UNREACHABLE_CODE = YES;
				CLANG_WARN__DUPLICATE_METHOD_MATCH = YES;
				COPY_PHASE_STRIP = NO;
				DEBUG_INFORMATION_FORMAT = dwarf;
				ENABLE_STRICT_OBJC_MSGSEND = YES;
				ENABLE_TESTABILITY = YES;
				GCC_C_LANGUAGE_STANDARD = gnu11;
				GCC_DYNAMIC_NO_PIC = NO;
				GCC_NO_COMMON_BLOCKS = YES;
				GCC_OPTIMIZATION_LEVEL = 0;
				GCC_PREPROCESSOR_DEFINITIONS = (
					"DEBUG=1",
					"$(inherited)",
				);
				GCC_WARN_64_TO_32_BIT_CONVERSION = YES;
				GCC_WARN_ABOUT_RETURN_TYPE = YES_ERROR;
				GCC_WARN_UNDECLARED_SELECTOR = YES;
				GCC_WARN_UNINITIALIZED_AUTOS = YES_AGGRESSIVE;
				GCC_WARN_UNUSED_FUNCTION = YES;
				GCC_WARN_UNUSED_VARIABLE = YES;
				MACOSX_DEPLOYMENT_TARGET = 12.3;
				MTL_ENABLE_DEBUG_INFO = INCLUDE_SOURCE;
				MTL_FAST_MATH = YES;
				ONLY_ACTIVE_ARCH = YES;
				SDKROOT = macosx;
				SWIFT_ACTIVE_COMPILATION_CONDITIONS = DEBUG;
				SWIFT_OPTIMIZATION_LEVEL = "-Onone";
			};
			name = Debug;
		};
		0C92BD59291D3DA900F846FC /* Release */ = {
			isa = XCBuildConfiguration;
			buildSettings = {
				ALWAYS_SEARCH_USER_PATHS = NO;
				CLANG_ANALYZER_NONNULL = YES;
				CLANG_ANALYZER_NUMBER_OBJECT_CONVERSION = YES_AGGRESSIVE;
				CLANG_CXX_LANGUAGE_STANDARD = "gnu++20";
				CLANG_ENABLE_MODULES = YES;
				CLANG_ENABLE_OBJC_ARC = YES;
				CLANG_ENABLE_OBJC_WEAK = YES;
				CLANG_WARN_BLOCK_CAPTURE_AUTORELEASING = YES;
				CLANG_WARN_BOOL_CONVERSION = YES;
				CLANG_WARN_COMMA = YES;
				CLANG_WARN_CONSTANT_CONVERSION = YES;
				CLANG_WARN_DEPRECATED_OBJC_IMPLEMENTATIONS = YES;
				CLANG_WARN_DIRECT_OBJC_ISA_USAGE = YES_ERROR;
				CLANG_WARN_DOCUMENTATION_COMMENTS = YES;
				CLANG_WARN_EMPTY_BODY = YES;
				CLANG_WARN_ENUM_CONVERSION = YES;
				CLANG_WARN_INFINITE_RECURSION = YES;
				CLANG_WARN_INT_CONVERSION = YES;
				CLANG_WARN_NON_LITERAL_NULL_CONVERSION = YES;
				CLANG_WARN_OBJC_IMPLICIT_RETAIN_SELF = YES;
				CLANG_WARN_OBJC_LITERAL_CONVERSION = YES;
				CLANG_WARN_OBJC_ROOT_CLASS = YES_ERROR;
				CLANG_WARN_QUOTED_INCLUDE_IN_FRAMEWORK_HEADER = YES;
				CLANG_WARN_RANGE_LOOP_ANALYSIS = YES;
				CLANG_WARN_STRICT_PROTOTYPES = YES;
				CLANG_WARN_SUSPICIOUS_MOVE = YES;
				CLANG_WARN_UNGUARDED_AVAILABILITY = YES_AGGRESSIVE;
				CLANG_WARN_UNREACHABLE_CODE = YES;
				CLANG_WARN__DUPLICATE_METHOD_MATCH = YES;
				COPY_PHASE_STRIP = NO;
				DEBUG_INFORMATION_FORMAT = "dwarf-with-dsym";
				ENABLE_NS_ASSERTIONS = NO;
				ENABLE_STRICT_OBJC_MSGSEND = YES;
				GCC_C_LANGUAGE_STANDARD = gnu11;
				GCC_NO_COMMON_BLOCKS = YES;
				GCC_WARN_64_TO_32_BIT_CONVERSION = YES;
				GCC_WARN_ABOUT_RETURN_TYPE = YES_ERROR;
				GCC_WARN_UNDECLARED_SELECTOR = YES;
				GCC_WARN_UNINITIALIZED_AUTOS = YES_AGGRESSIVE;
				GCC_WARN_UNUSED_FUNCTION = YES;
				GCC_WARN_UNUSED_VARIABLE = YES;
				MACOSX_DEPLOYMENT_TARGET = 12.3;
				MTL_ENABLE_DEBUG_INFO = NO;
				MTL_FAST_MATH = YES;
				SDKROOT = macosx;
				SWIFT_COMPILATION_MODE = wholemodule;
				SWIFT_OPTIMIZATION_LEVEL = "-O";
			};
			name = Release;
		};
		0C92BD5B291D3DA900F846FC /* Debug */ = {
			isa = XCBuildConfiguration;
			buildSettings = {
				CODE_SIGN_ENTITLEMENTS = "autoScroll Extension/autoScroll_Extension.entitlements";
				CODE_SIGN_STYLE = Automatic;
				CURRENT_PROJECT_VERSION = 1;
				DEVELOPMENT_TEAM = 578JV98PW6;
				ENABLE_HARDENED_RUNTIME = YES;
				GENERATE_INFOPLIST_FILE = YES;
				INFOPLIST_FILE = "autoScroll Extension/Info.plist";
				INFOPLIST_KEY_CFBundleDisplayName = "autoScroll Extension";
				INFOPLIST_KEY_NSHumanReadableCopyright = "";
				LD_RUNPATH_SEARCH_PATHS = (
					"$(inherited)",
					"@executable_path/../Frameworks",
					"@executable_path/../../../../Frameworks",
				);
				MACOSX_DEPLOYMENT_TARGET = 10.15;
				MARKETING_VERSION = 1.0.0;
				OTHER_LDFLAGS = (
					"-framework",
					SafariServices,
				);
				PRODUCT_BUNDLE_IDENTIFIER = com.garethng.autoScroll.Extension;
				PRODUCT_NAME = "$(TARGET_NAME)";
				SKIP_INSTALL = YES;
				SWIFT_EMIT_LOC_STRINGS = YES;
				SWIFT_VERSION = 5.0;
			};
			name = Debug;
		};
		0C92BD5C291D3DA900F846FC /* Release */ = {
			isa = XCBuildConfiguration;
			buildSettings = {
				CODE_SIGN_ENTITLEMENTS = "autoScroll Extension/autoScroll_Extension.entitlements";
				CODE_SIGN_STYLE = Automatic;
				CURRENT_PROJECT_VERSION = 1;
				DEVELOPMENT_TEAM = 578JV98PW6;
				ENABLE_HARDENED_RUNTIME = YES;
				GENERATE_INFOPLIST_FILE = YES;
				INFOPLIST_FILE = "autoScroll Extension/Info.plist";
				INFOPLIST_KEY_CFBundleDisplayName = "autoScroll Extension";
				INFOPLIST_KEY_NSHumanReadableCopyright = "";
				LD_RUNPATH_SEARCH_PATHS = (
					"$(inherited)",
					"@executable_path/../Frameworks",
					"@executable_path/../../../../Frameworks",
				);
				MACOSX_DEPLOYMENT_TARGET = 10.15;
				MARKETING_VERSION = 1.0.0;
				OTHER_LDFLAGS = (
					"-framework",
					SafariServices,
				);
				PRODUCT_BUNDLE_IDENTIFIER = com.garethng.autoScroll.Extension;
				PRODUCT_NAME = "$(TARGET_NAME)";
				SKIP_INSTALL = YES;
				SWIFT_EMIT_LOC_STRINGS = YES;
				SWIFT_VERSION = 5.0;
			};
			name = Release;
		};
		0C92BD5F291D3DA900F846FC /* Debug */ = {
			isa = XCBuildConfiguration;
			buildSettings = {
				ALWAYS_EMBED_SWIFT_STANDARD_LIBRARIES = YES;
				ASSETCATALOG_COMPILER_APPICON_NAME = AppIcon;
				ASSETCATALOG_COMPILER_GLOBAL_ACCENT_COLOR_NAME = AccentColor;
				CODE_SIGN_ENTITLEMENTS = autoScroll/autoScroll.entitlements;
				CODE_SIGN_STYLE = Automatic;
				COMBINE_HIDPI_IMAGES = YES;
				CURRENT_PROJECT_VERSION = 1;
				DEVELOPMENT_TEAM = 578JV98PW6;
				ENABLE_HARDENED_RUNTIME = YES;
				GENERATE_INFOPLIST_FILE = YES;
				INFOPLIST_KEY_CFBundleDisplayName = AutoScroll;
				INFOPLIST_KEY_LSApplicationCategoryType = "public.app-category.utilities";
				INFOPLIST_KEY_NSHumanReadableCopyright = "";
				INFOPLIST_KEY_NSMainStoryboardFile = Main;
				INFOPLIST_KEY_NSPrincipalClass = NSApplication;
				LD_RUNPATH_SEARCH_PATHS = (
					"$(inherited)",
					"@executable_path/../Frameworks",
				);
				MACOSX_DEPLOYMENT_TARGET = 10.15;
				MARKETING_VERSION = 1.0.0;
				OTHER_LDFLAGS = (
					"-framework",
					SafariServices,
					"-framework",
					WebKit,
				);
				PRODUCT_BUNDLE_IDENTIFIER = com.garethng.autoScroll;
				PRODUCT_NAME = AutoScroll;
				SWIFT_EMIT_LOC_STRINGS = YES;
				SWIFT_VERSION = 5.0;
			};
			name = Debug;
		};
		0C92BD60291D3DA900F846FC /* Release */ = {
			isa = XCBuildConfiguration;
			buildSettings = {
				ALWAYS_EMBED_SWIFT_STANDARD_LIBRARIES = YES;
				ASSETCATALOG_COMPILER_APPICON_NAME = AppIcon;
				ASSETCATALOG_COMPILER_GLOBAL_ACCENT_COLOR_NAME = AccentColor;
				CODE_SIGN_ENTITLEMENTS = autoScroll/autoScroll.entitlements;
				CODE_SIGN_STYLE = Automatic;
				COMBINE_HIDPI_IMAGES = YES;
				CURRENT_PROJECT_VERSION = 1;
				DEVELOPMENT_TEAM = 578JV98PW6;
				ENABLE_HARDENED_RUNTIME = YES;
				GENERATE_INFOPLIST_FILE = YES;
				INFOPLIST_KEY_CFBundleDisplayName = AutoScroll;
				INFOPLIST_KEY_LSApplicationCategoryType = "public.app-category.utilities";
				INFOPLIST_KEY_NSHumanReadableCopyright = "";
				INFOPLIST_KEY_NSMainStoryboardFile = Main;
				INFOPLIST_KEY_NSPrincipalClass = NSApplication;
				LD_RUNPATH_SEARCH_PATHS = (
					"$(inherited)",
					"@executable_path/../Frameworks",
				);
				MACOSX_DEPLOYMENT_TARGET = 10.15;
				MARKETING_VERSION = 1.0.0;
				OTHER_LDFLAGS = (
					"-framework",
					SafariServices,
					"-framework",
					WebKit,
				);
				PRODUCT_BUNDLE_IDENTIFIER = com.garethng.autoScroll;
				PRODUCT_NAME = AutoScroll;
				SWIFT_EMIT_LOC_STRINGS = YES;
				SWIFT_VERSION = 5.0;
			};
			name = Release;
		};
/* End XCBuildConfiguration section */

/* Begin XCConfigurationList section */
		0C92BD1D291D3DA700F846FC /* Build configuration list for PBXProject "autoScroll" */ = {
			isa = XCConfigurationList;
			buildConfigurations = (
				0C92BD58291D3DA900F846FC /* Debug */,
				0C92BD59291D3DA900F846FC /* Release */,
			);
			defaultConfigurationIsVisible = 0;
			defaultConfigurationName = Release;
		};
		0C92BD5A291D3DA900F846FC /* Build configuration list for PBXNativeTarget "autoScroll Extension" */ = {
			isa = XCConfigurationList;
			buildConfigurations = (
				0C92BD5B291D3DA900F846FC /* Debug */,
				0C92BD5C291D3DA900F846FC /* Release */,
			);
			defaultConfigurationIsVisible = 0;
			defaultConfigurationName = Release;
		};
		0C92BD5E291D3DA900F846FC /* Build configuration list for PBXNativeTarget "autoScroll" */ = {
			isa = XCConfigurationList;
			buildConfigurations = (
				0C92BD5F291D3DA900F846FC /* Debug */,
				0C92BD60291D3DA900F846FC /* Release */,
			);
			defaultConfigurationIsVisible = 0;
			defaultConfigurationName = Release;
		};
/* End XCConfigurationList section */
	};
	rootObject = 0C92BD1A291D3DA700F846FC /* Project object */;
}
